
Microsoft Visual Studio Solution File, Format Version 12.00
# Visual Studio Version 16
VisualStudioVersion = 16.0.30611.23
MinimumVisualStudioVersion = 10.0.40219.1
Project("{FAE04EC0-301F-11D3-BF4B-00C04F79EFBC}") = "Prototype2", "Prototype2\Prototype2.csproj", "{00EB4342-9AA0-4531-8822-B6818D961F6D}"
EndProject
Global
	GlobalSection(SolutionConfigurationPlatforms) = preSolution
		Debug|Any CPU = Debug|Any CPU
		Release|Any CPU = Release|Any CPU
	EndGlobalSection
	GlobalSection(ProjectConfigurationPlatforms) = postSolution
		{00EB4342-9AA0-4531-8822-B6818D961F6D}.Debug|Any CPU.ActiveCfg = Debug|Any CPU
		{00EB4342-9AA0-4531-8822-B6818D961F6D}.Debug|Any CPU.Build.0 = Debug|Any CPU
		{00EB4342-9AA0-4531-8822-B6818D961F6D}.Release|Any CPU.ActiveCfg = Release|Any CPU
		{00EB4342-9AA0-4531-8822-B6818D961F6D}.Release|Any CPU.Build.0 = Release|Any CPU
	EndGlobalSection
	GlobalSection(SolutionProperties) = preSolution
		HideSolutionNode = FALSE
	EndGlobalSection
	GlobalSection(ExtensibilityGlobals) = postSolution
		SolutionGuid = {CC59C2ED-669F-4324-A310-91F27D295019}
	EndGlobalSection
EndGlobal
